
Microsoft Visual Studio Solution File, Format Version 12.00
# Visual Studio Version 17
VisualStudioVersion = 17.8.34330.188
MinimumVisualStudioVersion = 10.0.40219.1
Project("{2150E333-8FDC-42A3-9474-1A3956D46DE8}") = "src", "src", "{F61A612F-4771-47F8-AED1-1416A4539DF6}"
EndProject
Project("{2150E333-8FDC-42A3-9474-1A3956D46DE8}") = "tests", "tests", "{3D958931-DD9D-4539-9E2F-D921A748F653}"
EndProject
Project("{9A19103F-16F7-4668-BE54-9A1E7A4F7556}") = "ConsoleApp1", "src\ConsoleApp1\ConsoleApp1.csproj", "{8A52E7E9-52D4-4F15-9553-183F254D83F4}"
EndProject
Project("{9092AA53-FB77-4645-B42D-1CCCA6BD08BD}") = "NodejsConsoleApp1", "src\NodejsConsoleApp1\NodejsConsoleApp1.njsproj", "{C67CC9F8-452C-43AD-86A4-AE527843D687}"
EndProject
Project("{888888A0-9F3D-457C-B088-3A5042F75D52}") = "PythonApplication1", "src\PythonApplication1\PythonApplication1.pyproj", "{CDBBFD77-4DBC-48A2-9EB5-2E7708BFB79D}"
EndProject
Project("{F2A71F9B-5D33-465A-A702-920D77279786}") = "ConsoleApp2", "src\ConsoleApp2\ConsoleApp2.fsproj", "{B6F01C8E-DF2A-4FEA-9FEC-7C80BBB768EF}"
EndProject
Project("{F2A71F9B-5D33-465A-A702-920D77279786}") = "ConsoleApp2Tests", "tests\ConsoleApp2Tests\ConsoleApp2Tests.fsproj", "{92A6960F-E4DA-4E62-A8D0-C427149E9E16}"
EndProject
Project("{9A19103F-16F7-4668-BE54-9A1E7A4F7556}") = "ConsoleApp1Tests", "tests\ConsoleApp1Tests\ConsoleApp1Tests.csproj", "{5161D218-9742-4618-9578-12AA54D019E0}"
EndProject
Global
	GlobalSection(SolutionConfigurationPlatforms) = preSolution
		Debug|Any CPU = Debug|Any CPU
		Release|Any CPU = Release|Any CPU
	EndGlobalSection
	GlobalSection(ProjectConfigurationPlatforms) = postSolution
		{8A52E7E9-52D4-4F15-9553-183F254D83F4}.Debug|Any CPU.ActiveCfg = Debug|Any CPU
		{8A52E7E9-52D4-4F15-9553-183F254D83F4}.Debug|Any CPU.Build.0 = Debug|Any CPU
		{8A52E7E9-52D4-4F15-9553-183F254D83F4}.Release|Any CPU.ActiveCfg = Release|Any CPU
		{8A52E7E9-52D4-4F15-9553-183F254D83F4}.Release|Any CPU.Build.0 = Release|Any CPU
		{C67CC9F8-452C-43AD-86A4-AE527843D687}.Debug|Any CPU.ActiveCfg = Debug|Any CPU
		{C67CC9F8-452C-43AD-86A4-AE527843D687}.Debug|Any CPU.Build.0 = Debug|Any CPU
		{C67CC9F8-452C-43AD-86A4-AE527843D687}.Release|Any CPU.ActiveCfg = Release|Any CPU
		{C67CC9F8-452C-43AD-86A4-AE527843D687}.Release|Any CPU.Build.0 = Release|Any CPU
		{CDBBFD77-4DBC-48A2-9EB5-2E7708BFB79D}.Debug|Any CPU.ActiveCfg = Debug|Any CPU
		{CDBBFD77-4DBC-48A2-9EB5-2E7708BFB79D}.Release|Any CPU.ActiveCfg = Release|Any CPU
		{B6F01C8E-DF2A-4FEA-9FEC-7C80BBB768EF}.Debug|Any CPU.ActiveCfg = Debug|Any CPU
		{B6F01C8E-DF2A-4FEA-9FEC-7C80BBB768EF}.Debug|Any CPU.Build.0 = Debug|Any CPU
		{B6F01C8E-DF2A-4FEA-9FEC-7C80BBB768EF}.Release|Any CPU.ActiveCfg = Release|Any CPU
		{B6F01C8E-DF2A-4FEA-9FEC-7C80BBB768EF}.Release|Any CPU.Build.0 = Release|Any CPU
		{92A6960F-E4DA-4E62-A8D0-C427149E9E16}.Debug|Any CPU.ActiveCfg = Debug|Any CPU
		{92A6960F-E4DA-4E62-A8D0-C427149E9E16}.Debug|Any CPU.Build.0 = Debug|Any CPU
		{92A6960F-E4DA-4E62-A8D0-C427149E9E16}.Release|Any CPU.ActiveCfg = Release|Any CPU
		{92A6960F-E4DA-4E62-A8D0-C427149E9E16}.Release|Any CPU.Build.0 = Release|Any CPU
		{5161D218-9742-4618-9578-12AA54D019E0}.Debug|Any CPU.ActiveCfg = Debug|Any CPU
		{5161D218-9742-4618-9578-12AA54D019E0}.Debug|Any CPU.Build.0 = Debug|Any CPU
		{5161D218-9742-4618-9578-12AA54D019E0}.Release|Any CPU.ActiveCfg = Release|Any CPU
		{5161D218-9742-4618-9578-12AA54D019E0}.Release|Any CPU.Build.0 = Release|Any CPU
	EndGlobalSection
	GlobalSection(SolutionProperties) = preSolution
		HideSolutionNode = FALSE
	EndGlobalSection
	GlobalSection(NestedProjects) = preSolution
		{8A52E7E9-52D4-4F15-9553-183F254D83F4} = {F61A612F-4771-47F8-AED1-1416A4539DF6}
		{C67CC9F8-452C-43AD-86A4-AE527843D687} = {F61A612F-4771-47F8-AED1-1416A4539DF6}
		{CDBBFD77-4DBC-48A2-9EB5-2E7708BFB79D} = {F61A612F-4771-47F8-AED1-1416A4539DF6}
		{B6F01C8E-DF2A-4FEA-9FEC-7C80BBB768EF} = {F61A612F-4771-47F8-AED1-1416A4539DF6}
		{92A6960F-E4DA-4E62-A8D0-C427149E9E16} = {3D958931-DD9D-4539-9E2F-D921A748F653}
		{5161D218-9742-4618-9578-12AA54D019E0} = {3D958931-DD9D-4539-9E2F-D921A748F653}
	EndGlobalSection
	GlobalSection(ExtensibilityGlobals) = postSolution
		SolutionGuid = {61B875AE-1D63-43D5-9D49-69F4EC65F49F}
	EndGlobalSection
EndGlobal
