
Microsoft Visual Studio Solution File, Format Version 12.00
# Visual Studio Version 16
VisualStudioVersion = 16.0.31410.357
MinimumVisualStudioVersion = 10.0.40219.1
Project("{FAE04EC0-301F-11D3-BF4B-00C04F79EFBC}") = "ConsoleAppAsync", "ConsoleAppAsync\ConsoleAppAsync.csproj", "{673A77CA-D688-4E6D-8DFA-61D34842CA79}"
EndProject
Project("{FAE04EC0-301F-11D3-BF4B-00C04F79EFBC}") = "WpfAppAsync", "WpfAppAsync\WpfAppAsync.csproj", "{4CBEA5CB-4275-451C-ADE3-2E3470B6D909}"
EndProject
Global
	GlobalSection(SolutionConfigurationPlatforms) = preSolution
		Debug|Any CPU = Debug|Any CPU
		Release|Any CPU = Release|Any CPU
	EndGlobalSection
	GlobalSection(ProjectConfigurationPlatforms) = postSolution
		{673A77CA-D688-4E6D-8DFA-61D34842CA79}.Debug|Any CPU.ActiveCfg = Debug|Any CPU
		{673A77CA-D688-4E6D-8DFA-61D34842CA79}.Debug|Any CPU.Build.0 = Debug|Any CPU
		{673A77CA-D688-4E6D-8DFA-61D34842CA79}.Release|Any CPU.ActiveCfg = Release|Any CPU
		{673A77CA-D688-4E6D-8DFA-61D34842CA79}.Release|Any CPU.Build.0 = Release|Any CPU
		{4CBEA5CB-4275-451C-ADE3-2E3470B6D909}.Debug|Any CPU.ActiveCfg = Debug|Any CPU
		{4CBEA5CB-4275-451C-ADE3-2E3470B6D909}.Debug|Any CPU.Build.0 = Debug|Any CPU
		{4CBEA5CB-4275-451C-ADE3-2E3470B6D909}.Release|Any CPU.ActiveCfg = Release|Any CPU
		{4CBEA5CB-4275-451C-ADE3-2E3470B6D909}.Release|Any CPU.Build.0 = Release|Any CPU
	EndGlobalSection
	GlobalSection(SolutionProperties) = preSolution
		HideSolutionNode = FALSE
	EndGlobalSection
	GlobalSection(ExtensibilityGlobals) = postSolution
		SolutionGuid = {0E8A5A7C-03ED-4C99-B73B-3EA13FEF2F9F}
	EndGlobalSection
EndGlobal
