
Microsoft Visual Studio Solution File, Format Version 12.00
# Visual Studio Version 17
VisualStudioVersion = 17.8.34330.188
MinimumVisualStudioVersion = 10.0.40219.1
Project("{9A19103F-16F7-4668-BE54-9A1E7A4F7556}") = "ConsoleApp1", "ConsoleApp1\ConsoleApp1.csproj", "{3320A310-9989-4DFB-81BD-6F1E4122918E}"
EndProject
Project("{9A19103F-16F7-4668-BE54-9A1E7A4F7556}") = "AutoLot.Dal", "AutoLot.Dal\AutoLot.Dal.csproj", "{EB0A498A-8465-4D07-A64A-6A6CE8346B69}"
EndProject
Project("{FAE04EC0-301F-11D3-BF4B-00C04F79EFBC}") = "WebApp", "WebApp\WebApp.csproj", "{611A0CEA-1373-4D41-B9B5-21E13F9378DE}"
EndProject
Project("{9A19103F-16F7-4668-BE54-9A1E7A4F7556}") = "NpgsqlDal.Core", "NpgsqlDal.Core\NpgsqlDal.Core.csproj", "{DE2D5119-BC6A-4E80-8A71-571A47B6BD7B}"
EndProject
Project("{9A19103F-16F7-4668-BE54-9A1E7A4F7556}") = "ConsoleApp1.Tests", "ConsoleApp1.Tests\ConsoleApp1.Tests.csproj", "{6CFD9E30-EDCE-4115-99B5-03A2554E8436}"
EndProject
Project("{2150E333-8FDC-42A3-9474-1A3956D46DE8}") = "Externals", "Externals", "{85A82E4F-4848-4835-ABAC-B258FD48CCCB}"
EndProject
Project("{FAE04EC0-301F-11D3-BF4B-00C04F79EFBC}") = "Microsoft.Extensions.DependencyInjection.Abstractions", "Externals\Microsoft.Extensions.DependencyInjection.Abstractions\Microsoft.Extensions.DependencyInjection.Abstractions.csproj", "{C1C44CB4-568B-4BEA-989F-14FE342F9A83}"
EndProject
Global
	GlobalSection(SolutionConfigurationPlatforms) = preSolution
		Debug|Any CPU = Debug|Any CPU
		Debug|x64 = Debug|x64
		Debug|x86 = Debug|x86
		Release|Any CPU = Release|Any CPU
		Release|x64 = Release|x64
		Release|x86 = Release|x86
	EndGlobalSection
	GlobalSection(ProjectConfigurationPlatforms) = postSolution
		{3320A310-9989-4DFB-81BD-6F1E4122918E}.Debug|Any CPU.ActiveCfg = Debug|Any CPU
		{3320A310-9989-4DFB-81BD-6F1E4122918E}.Debug|Any CPU.Build.0 = Debug|Any CPU
		{3320A310-9989-4DFB-81BD-6F1E4122918E}.Debug|x64.ActiveCfg = Debug|Any CPU
		{3320A310-9989-4DFB-81BD-6F1E4122918E}.Debug|x64.Build.0 = Debug|Any CPU
		{3320A310-9989-4DFB-81BD-6F1E4122918E}.Debug|x86.ActiveCfg = Debug|Any CPU
		{3320A310-9989-4DFB-81BD-6F1E4122918E}.Debug|x86.Build.0 = Debug|Any CPU
		{3320A310-9989-4DFB-81BD-6F1E4122918E}.Release|Any CPU.ActiveCfg = Release|Any CPU
		{3320A310-9989-4DFB-81BD-6F1E4122918E}.Release|Any CPU.Build.0 = Release|Any CPU
		{3320A310-9989-4DFB-81BD-6F1E4122918E}.Release|x64.ActiveCfg = Release|Any CPU
		{3320A310-9989-4DFB-81BD-6F1E4122918E}.Release|x64.Build.0 = Release|Any CPU
		{3320A310-9989-4DFB-81BD-6F1E4122918E}.Release|x86.ActiveCfg = Release|Any CPU
		{3320A310-9989-4DFB-81BD-6F1E4122918E}.Release|x86.Build.0 = Release|Any CPU
		{EB0A498A-8465-4D07-A64A-6A6CE8346B69}.Debug|Any CPU.ActiveCfg = Debug|Any CPU
		{EB0A498A-8465-4D07-A64A-6A6CE8346B69}.Debug|Any CPU.Build.0 = Debug|Any CPU
		{EB0A498A-8465-4D07-A64A-6A6CE8346B69}.Debug|x64.ActiveCfg = Debug|Any CPU
		{EB0A498A-8465-4D07-A64A-6A6CE8346B69}.Debug|x64.Build.0 = Debug|Any CPU
		{EB0A498A-8465-4D07-A64A-6A6CE8346B69}.Debug|x86.ActiveCfg = Debug|Any CPU
		{EB0A498A-8465-4D07-A64A-6A6CE8346B69}.Debug|x86.Build.0 = Debug|Any CPU
		{EB0A498A-8465-4D07-A64A-6A6CE8346B69}.Release|Any CPU.ActiveCfg = Release|Any CPU
		{EB0A498A-8465-4D07-A64A-6A6CE8346B69}.Release|Any CPU.Build.0 = Release|Any CPU
		{EB0A498A-8465-4D07-A64A-6A6CE8346B69}.Release|x64.ActiveCfg = Release|Any CPU
		{EB0A498A-8465-4D07-A64A-6A6CE8346B69}.Release|x64.Build.0 = Release|Any CPU
		{EB0A498A-8465-4D07-A64A-6A6CE8346B69}.Release|x86.ActiveCfg = Release|Any CPU
		{EB0A498A-8465-4D07-A64A-6A6CE8346B69}.Release|x86.Build.0 = Release|Any CPU
		{611A0CEA-1373-4D41-B9B5-21E13F9378DE}.Debug|Any CPU.ActiveCfg = Debug|Any CPU
		{611A0CEA-1373-4D41-B9B5-21E13F9378DE}.Debug|Any CPU.Build.0 = Debug|Any CPU
		{611A0CEA-1373-4D41-B9B5-21E13F9378DE}.Debug|x64.ActiveCfg = Debug|Any CPU
		{611A0CEA-1373-4D41-B9B5-21E13F9378DE}.Debug|x64.Build.0 = Debug|Any CPU
		{611A0CEA-1373-4D41-B9B5-21E13F9378DE}.Debug|x86.ActiveCfg = Debug|Any CPU
		{611A0CEA-1373-4D41-B9B5-21E13F9378DE}.Debug|x86.Build.0 = Debug|Any CPU
		{611A0CEA-1373-4D41-B9B5-21E13F9378DE}.Release|Any CPU.ActiveCfg = Release|Any CPU
		{611A0CEA-1373-4D41-B9B5-21E13F9378DE}.Release|Any CPU.Build.0 = Release|Any CPU
		{611A0CEA-1373-4D41-B9B5-21E13F9378DE}.Release|x64.ActiveCfg = Release|Any CPU
		{611A0CEA-1373-4D41-B9B5-21E13F9378DE}.Release|x64.Build.0 = Release|Any CPU
		{611A0CEA-1373-4D41-B9B5-21E13F9378DE}.Release|x86.ActiveCfg = Release|Any CPU
		{611A0CEA-1373-4D41-B9B5-21E13F9378DE}.Release|x86.Build.0 = Release|Any CPU
		{DE2D5119-BC6A-4E80-8A71-571A47B6BD7B}.Debug|Any CPU.ActiveCfg = Debug|Any CPU
		{DE2D5119-BC6A-4E80-8A71-571A47B6BD7B}.Debug|Any CPU.Build.0 = Debug|Any CPU
		{DE2D5119-BC6A-4E80-8A71-571A47B6BD7B}.Debug|x64.ActiveCfg = Debug|Any CPU
		{DE2D5119-BC6A-4E80-8A71-571A47B6BD7B}.Debug|x64.Build.0 = Debug|Any CPU
		{DE2D5119-BC6A-4E80-8A71-571A47B6BD7B}.Debug|x86.ActiveCfg = Debug|Any CPU
		{DE2D5119-BC6A-4E80-8A71-571A47B6BD7B}.Debug|x86.Build.0 = Debug|Any CPU
		{DE2D5119-BC6A-4E80-8A71-571A47B6BD7B}.Release|Any CPU.ActiveCfg = Release|Any CPU
		{DE2D5119-BC6A-4E80-8A71-571A47B6BD7B}.Release|Any CPU.Build.0 = Release|Any CPU
		{DE2D5119-BC6A-4E80-8A71-571A47B6BD7B}.Release|x64.ActiveCfg = Release|Any CPU
		{DE2D5119-BC6A-4E80-8A71-571A47B6BD7B}.Release|x64.Build.0 = Release|Any CPU
		{DE2D5119-BC6A-4E80-8A71-571A47B6BD7B}.Release|x86.ActiveCfg = Release|Any CPU
		{DE2D5119-BC6A-4E80-8A71-571A47B6BD7B}.Release|x86.Build.0 = Release|Any CPU
		{6CFD9E30-EDCE-4115-99B5-03A2554E8436}.Debug|Any CPU.ActiveCfg = Debug|Any CPU
		{6CFD9E30-EDCE-4115-99B5-03A2554E8436}.Debug|Any CPU.Build.0 = Debug|Any CPU
		{6CFD9E30-EDCE-4115-99B5-03A2554E8436}.Debug|x64.ActiveCfg = Debug|Any CPU
		{6CFD9E30-EDCE-4115-99B5-03A2554E8436}.Debug|x64.Build.0 = Debug|Any CPU
		{6CFD9E30-EDCE-4115-99B5-03A2554E8436}.Debug|x86.ActiveCfg = Debug|Any CPU
		{6CFD9E30-EDCE-4115-99B5-03A2554E8436}.Debug|x86.Build.0 = Debug|Any CPU
		{6CFD9E30-EDCE-4115-99B5-03A2554E8436}.Release|Any CPU.ActiveCfg = Release|Any CPU
		{6CFD9E30-EDCE-4115-99B5-03A2554E8436}.Release|Any CPU.Build.0 = Release|Any CPU
		{6CFD9E30-EDCE-4115-99B5-03A2554E8436}.Release|x64.ActiveCfg = Release|Any CPU
		{6CFD9E30-EDCE-4115-99B5-03A2554E8436}.Release|x64.Build.0 = Release|Any CPU
		{6CFD9E30-EDCE-4115-99B5-03A2554E8436}.Release|x86.ActiveCfg = Release|Any CPU
		{6CFD9E30-EDCE-4115-99B5-03A2554E8436}.Release|x86.Build.0 = Release|Any CPU
		{C1C44CB4-568B-4BEA-989F-14FE342F9A83}.Debug|Any CPU.ActiveCfg = Debug|Any CPU
		{C1C44CB4-568B-4BEA-989F-14FE342F9A83}.Debug|Any CPU.Build.0 = Debug|Any CPU
		{C1C44CB4-568B-4BEA-989F-14FE342F9A83}.Debug|x64.ActiveCfg = Debug|Any CPU
		{C1C44CB4-568B-4BEA-989F-14FE342F9A83}.Debug|x64.Build.0 = Debug|Any CPU
		{C1C44CB4-568B-4BEA-989F-14FE342F9A83}.Debug|x86.ActiveCfg = Debug|Any CPU
		{C1C44CB4-568B-4BEA-989F-14FE342F9A83}.Debug|x86.Build.0 = Debug|Any CPU
		{C1C44CB4-568B-4BEA-989F-14FE342F9A83}.Release|Any CPU.ActiveCfg = Release|Any CPU
		{C1C44CB4-568B-4BEA-989F-14FE342F9A83}.Release|Any CPU.Build.0 = Release|Any CPU
		{C1C44CB4-568B-4BEA-989F-14FE342F9A83}.Release|x64.ActiveCfg = Release|Any CPU
		{C1C44CB4-568B-4BEA-989F-14FE342F9A83}.Release|x64.Build.0 = Release|Any CPU
		{C1C44CB4-568B-4BEA-989F-14FE342F9A83}.Release|x86.ActiveCfg = Release|Any CPU
		{C1C44CB4-568B-4BEA-989F-14FE342F9A83}.Release|x86.Build.0 = Release|Any CPU
	EndGlobalSection
	GlobalSection(SolutionProperties) = preSolution
		HideSolutionNode = FALSE
	EndGlobalSection
	GlobalSection(NestedProjects) = preSolution
		{C1C44CB4-568B-4BEA-989F-14FE342F9A83} = {85A82E4F-4848-4835-ABAC-B258FD48CCCB}
	EndGlobalSection
	GlobalSection(ExtensibilityGlobals) = postSolution
		SolutionGuid = {61B875AE-1D63-43D5-9D49-69F4EC65F49F}
	EndGlobalSection
EndGlobal
